
Microsoft Visual Studio Solution File, Format Version 12.00
# Visual Studio Version 17
VisualStudioVersion = 17.11.35312.102
MinimumVisualStudioVersion = 10.0.40219.1
Project("{9A19103F-16F7-4668-BE54-9A1E7A4F7556}") = "projecteProva2", "projecteProva2\projecteProva2.csproj", "{5FEFE299-C561-4493-8C3D-0B8D860EA472}"
EndProject
Project("{FAE04EC0-301F-11D3-BF4B-00C04F79EFBC}") = "BinarySearch", "BinarySearch\BinarySearch.csproj", "{DA913C24-2E40-4B58-9E64-1169D55FB4E2}"
EndProject
Global
	GlobalSection(SolutionConfigurationPlatforms) = preSolution
		Debug|Any CPU = Debug|Any CPU
		Release|Any CPU = Release|Any CPU
	EndGlobalSection
	GlobalSection(ProjectConfigurationPlatforms) = postSolution
		{5FEFE299-C561-4493-8C3D-0B8D860EA472}.Debug|Any CPU.ActiveCfg = Debug|Any CPU
		{5FEFE299-C561-4493-8C3D-0B8D860EA472}.Debug|Any CPU.Build.0 = Debug|Any CPU
		{5FEFE299-C561-4493-8C3D-0B8D860EA472}.Release|Any CPU.ActiveCfg = Release|Any CPU
		{5FEFE299-C561-4493-8C3D-0B8D860EA472}.Release|Any CPU.Build.0 = Release|Any CPU
		{DA913C24-2E40-4B58-9E64-1169D55FB4E2}.Debug|Any CPU.ActiveCfg = Debug|Any CPU
		{DA913C24-2E40-4B58-9E64-1169D55FB4E2}.Debug|Any CPU.Build.0 = Debug|Any CPU
		{DA913C24-2E40-4B58-9E64-1169D55FB4E2}.Release|Any CPU.ActiveCfg = Release|Any CPU
		{DA913C24-2E40-4B58-9E64-1169D55FB4E2}.Release|Any CPU.Build.0 = Release|Any CPU
	EndGlobalSection
	GlobalSection(SolutionProperties) = preSolution
		HideSolutionNode = FALSE
	EndGlobalSection
	GlobalSection(ExtensibilityGlobals) = postSolution
		SolutionGuid = {456E0DBE-C80B-48A3-B4F4-B1C9E53F4584}
	EndGlobalSection
EndGlobal
